{
  "name": "BISAG-project",
  "version": "1.0.0",
  "lockfileVersion": 3,
  "requires": true,
  "packages": {
    "": {
      "name": "BISAG-project",
      "version": "1.0.0",
      "license": "ISC",
      "dependencies": {
        "@mkkellogg/gaussian-splats-3d": "^0.4.7"
      }
    },
    "node_modules/@mkkellogg/gaussian-splats-3d": {
      "version": "0.4.7",
      "resolved": "https://registry.npmjs.org/@mkkellogg/gaussian-splats-3d/-/gaussian-splats-3d-0.4.7.tgz",
      "integrity": "sha512-0vy9/i9sJLFH/v3WJZ4axCsqjkToe8UsV3xY7bvK5EUC0akiRsWZODoCiSzpxhTLNyzSKTsyQKozIFeNA5RWRA==",
      "license": "MIT",
      "peerDependencies": {
        "three": ">=0.160.0"
      }
    },
    "node_modules/three": {
      "version": "0.185.1",
      "resolved": "https://registry.npmjs.org/three/-/three-0.185.1.tgz",
      "integrity": "sha512-5aojFCXKwnjBRZvUnt3WFfEcvUJgkN5LlijRFN95hMy8WVkG4I0QNcJE+OuWvuJ0bOdStrbfXn0pkd6/QyiAlg==",
      "license": "MIT",
      "peer": true
    }
  }
}